<?xml version="1.0" encoding="utf-8"?>
<Project ToolsVersion="4.0" xmlns="http://schemas.microsoft.com/developer/msbuild/2003">
  <ItemGroup>
    <ClInclude Include="GID.h" />
    <ClInclude Include="Global.h" />
    <ClInclude Include="stdafx.h" />
    <ClInclude Include="Base\Base.h">
      <Filter>Base</Filter>
    </ClInclude>
    <ClInclude Include="Game\TemplateObject.h">
      <Filter>Game</Filter>
    </ClInclude>
    <ClInclude Include="Game\Bullet.h">
      <Filter>Game</Filter>
    </ClInclude>
    <ClInclude Include="Game\Enemy.h">
      <Filter>Game</Filter>
    </ClInclude>
    <ClInclude Include="Game\Player.h">
      <Filter>Game</Filter>
    </ClInclude>
    <ClInclude Include="Singleton\Singleton.h">
      <Filter>Singleton</Filter>
    </ClInclude>
    <ClInclude Include="NetWorkObjectBase\NetWorkObjectBase.h">
      <Filter>NetWorkObjectBase</Filter>
    </ClInclude>
  </ItemGroup>
  <ItemGroup>
    <ClCompile Include="Base\Base.cpp">
      <Filter>Base</Filter>
    </ClCompile>
    <ClCompile Include="Game\TemplateObject.cpp">
      <Filter>Game</Filter>
    </ClCompile>
    <ClCompile Include="Game\Bullet.cpp">
      <Filter>Game</Filter>
    </ClCompile>
    <ClCompile Include="Game\Enemy.cpp">
      <Filter>Game</Filter>
    </ClCompile>
    <ClCompile Include="Game\Player.cpp">
      <Filter>Game</Filter>
    </ClCompile>
    <ClCompile Include="sample.cpp" />
    <ClCompile Include="Singleton\Singleton.cpp">
      <Filter>Singleton</Filter>
    </ClCompile>
    <ClCompile Include="NetWorkObjectBase\NetWorkObjectBase.cpp">
      <Filter>NetWorkObjectBase</Filter>
    </ClCompile>
  </ItemGroup>
  <ItemGroup>
    <Filter Include="Base">
      <UniqueIdentifier>{7e15f004-1ca0-4fbe-bfb2-32497d372aad}</UniqueIdentifier>
    </Filter>
    <Filter Include="Game">
      <UniqueIdentifier>{d82623ed-834f-4330-b58b-b293392c05c0}</UniqueIdentifier>
    </Filter>
    <Filter Include="Singleton">
      <UniqueIdentifier>{6e42b932-cd60-48b7-8716-218adb8e73b6}</UniqueIdentifier>
    </Filter>
    <Filter Include="NetWorkObjectBase">
      <UniqueIdentifier>{0af665a7-244f-4145-8376-9bdd09e8abac}</UniqueIdentifier>
    </Filter>
  </ItemGroup>
</Project>