<?xml version="1.0" encoding="utf-8"?>
<Project ToolsVersion="4.0" xmlns="http://schemas.microsoft.com/developer/msbuild/2003">
  <ItemGroup>
    <ClInclude Include="GID.h" />
    <ClInclude Include="Global.h" />
    <ClInclude Include="stdafx.h" />
    <ClInclude Include="Charactor\CEnemy.h">
      <Filter>Game\Charactor</Filter>
    </ClInclude>
    <ClInclude Include="Charactor\CPlayer.h">
      <Filter>Game\Charactor</Filter>
    </ClInclude>
    <ClInclude Include="Bullet\CBullet.h">
      <Filter>Game\Bullet</Filter>
    </ClInclude>
    <ClInclude Include="Effect\CEffect.h">
      <Filter>Game\Effect</Filter>
    </ClInclude>
    <ClInclude Include="Field\CField.h">
      <Filter>Game\Field</Filter>
    </ClInclude>
    <ClInclude Include="UI\CUI.h">
      <Filter>Game\UI</Filter>
    </ClInclude>
    <ClInclude Include="Charactor\AnimData.h">
      <Filter>Game\Data</Filter>
    </ClInclude>
    <ClInclude Include="System\Collision.h">
      <Filter>System</Filter>
    </ClInclude>
    <ClInclude Include="System\CollisionCall.h">
      <Filter>System</Filter>
    </ClInclude>
    <ClInclude Include="System\Task.h">
      <Filter>System</Filter>
    </ClInclude>
    <ClInclude Include="System\TaskLinker.h">
      <Filter>System</Filter>
    </ClInclude>
    <ClInclude Include="System\TaskManager.h">
      <Filter>System</Filter>
    </ClInclude>
    <ClInclude Include="Soket.h" />
    <ClInclude Include="GameController.h">
      <Filter>Game</Filter>
    </ClInclude>
    <ClInclude Include="GameManager.h">
      <Filter>Game</Filter>
    </ClInclude>
    <ClInclude Include="Singleton\Singleton.h">
      <Filter>Singleton</Filter>
    </ClInclude>
    <ClInclude Include="PlayerDataManager.h" />
  </ItemGroup>
  <ItemGroup>
    <ClCompile Include="main.cpp" />
    <ClCompile Include="Charactor\CEnemy.cpp">
      <Filter>Game\Charactor</Filter>
    </ClCompile>
    <ClCompile Include="Charactor\CPlayer.cpp">
      <Filter>Game\Charactor</Filter>
    </ClCompile>
    <ClCompile Include="Bullet\CBullet.cpp">
      <Filter>Game\Bullet</Filter>
    </ClCompile>
    <ClCompile Include="Effect\CEffect.cpp">
      <Filter>Game\Effect</Filter>
    </ClCompile>
    <ClCompile Include="Field\CField.cpp">
      <Filter>Game\Field</Filter>
    </ClCompile>
    <ClCompile Include="UI\CUI.cpp">
      <Filter>Game\UI</Filter>
    </ClCompile>
    <ClCompile Include="Charactor\AnimData.cpp">
      <Filter>Game\Data</Filter>
    </ClCompile>
    <ClCompile Include="System\Collision.cpp">
      <Filter>System</Filter>
    </ClCompile>
    <ClCompile Include="System\Task.cpp">
      <Filter>System</Filter>
    </ClCompile>
    <ClCompile Include="System\TaskLinker.cpp">
      <Filter>System</Filter>
    </ClCompile>
    <ClCompile Include="System\TaskManager.cpp">
      <Filter>System</Filter>
    </ClCompile>
    <ClCompile Include="Soket.cpp" />
    <ClCompile Include="GameController.cpp">
      <Filter>Game</Filter>
    </ClCompile>
    <ClCompile Include="GameManager.cpp">
      <Filter>Game</Filter>
    </ClCompile>
    <ClCompile Include="Singleton\Singleton.cpp">
      <Filter>Singleton</Filter>
    </ClCompile>
    <ClCompile Include="PlayerDataManager.cpp" />
  </ItemGroup>
  <ItemGroup>
    <Filter Include="Game">
      <UniqueIdentifier>{ba4b9c2f-ce39-44a5-9429-5766d9e0b47c}</UniqueIdentifier>
    </Filter>
    <Filter Include="System">
      <UniqueIdentifier>{348c0842-9e9e-48a3-ab7d-b69e812415b3}</UniqueIdentifier>
    </Filter>
    <Filter Include="Game\Charactor">
      <UniqueIdentifier>{df9088b2-a022-424a-b256-c7511b0f4b62}</UniqueIdentifier>
    </Filter>
    <Filter Include="Game\Bullet">
      <UniqueIdentifier>{c21a3d27-31b6-41d3-a948-c6b50b3e5fa1}</UniqueIdentifier>
    </Filter>
    <Filter Include="Game\Effect">
      <UniqueIdentifier>{738deaed-d1af-41d3-86c0-504ac8ab67cd}</UniqueIdentifier>
    </Filter>
    <Filter Include="Game\Field">
      <UniqueIdentifier>{644d0402-21aa-4a5a-94c8-d8602b8a01c9}</UniqueIdentifier>
    </Filter>
    <Filter Include="Game\UI">
      <UniqueIdentifier>{bb2aec9b-0748-47bd-b2a7-432d7c8aec23}</UniqueIdentifier>
    </Filter>
    <Filter Include="Game\Data">
      <UniqueIdentifier>{e0239af1-ec0d-49b3-b682-46a8376c0866}</UniqueIdentifier>
    </Filter>
    <Filter Include="Singleton">
      <UniqueIdentifier>{5b36d47e-2f59-4eb6-90f0-214582404ff2}</UniqueIdentifier>
    </Filter>
  </ItemGroup>
</Project>